
Microsoft Visual Studio Solution File, Format Version 12.00
# Visual Studio 15
VisualStudioVersion = 15.0.27130.2024
MinimumVisualStudioVersion = 10.0.40219.1
Project("{9A19103F-16F7-4668-BE54-9A1E7A4F7556}") = "AttService", "AttService\AttService.csproj", "{024B384D-772C-453D-819C-ABED8665F85D}"
EndProject
Project("{FAE04EC0-301F-11D3-BF4B-00C04F79EFBC}") = "ViewModelProvider", "ViewModelProvider\ViewModelProvider.csproj", "{E35526CB-AAB8-41F3-89DC-386AD391890B}"
EndProject
Project("{FAE04EC0-301F-11D3-BF4B-00C04F79EFBC}") = "CtreeDataAccess", "CtreeDataAccess\CtreeDataAccess.csproj", "{BBA048E7-2000-4085-A9B3-D14D3E3C2C69}"
EndProject
Project("{FAE04EC0-301F-11D3-BF4B-00C04F79EFBC}") = "ViewModel", "ViewModel\ViewModel.csproj", "{FFE1EFC3-00D9-4A67-B9FD-A920554CB0FC}"
EndProject
Project("{FAE04EC0-301F-11D3-BF4B-00C04F79EFBC}") = "Extensions", "Extensions\Extensions.csproj", "{3CA7E533-88D0-4542-9407-76388CF65FE1}"
EndProject
Global
	GlobalSection(SolutionConfigurationPlatforms) = preSolution
		Debug|Any CPU = Debug|Any CPU
		Release|Any CPU = Release|Any CPU
	EndGlobalSection
	GlobalSection(ProjectConfigurationPlatforms) = postSolution
		{024B384D-772C-453D-819C-ABED8665F85D}.Debug|Any CPU.ActiveCfg = Debug|Any CPU
		{024B384D-772C-453D-819C-ABED8665F85D}.Debug|Any CPU.Build.0 = Debug|Any CPU
		{024B384D-772C-453D-819C-ABED8665F85D}.Release|Any CPU.ActiveCfg = Release|Any CPU
		{024B384D-772C-453D-819C-ABED8665F85D}.Release|Any CPU.Build.0 = Release|Any CPU
		{E35526CB-AAB8-41F3-89DC-386AD391890B}.Debug|Any CPU.ActiveCfg = Debug|Any CPU
		{E35526CB-AAB8-41F3-89DC-386AD391890B}.Debug|Any CPU.Build.0 = Debug|Any CPU
		{E35526CB-AAB8-41F3-89DC-386AD391890B}.Release|Any CPU.ActiveCfg = Release|Any CPU
		{E35526CB-AAB8-41F3-89DC-386AD391890B}.Release|Any CPU.Build.0 = Release|Any CPU
		{BBA048E7-2000-4085-A9B3-D14D3E3C2C69}.Debug|Any CPU.ActiveCfg = Debug|Any CPU
		{BBA048E7-2000-4085-A9B3-D14D3E3C2C69}.Debug|Any CPU.Build.0 = Debug|Any CPU
		{BBA048E7-2000-4085-A9B3-D14D3E3C2C69}.Release|Any CPU.ActiveCfg = Release|Any CPU
		{BBA048E7-2000-4085-A9B3-D14D3E3C2C69}.Release|Any CPU.Build.0 = Release|Any CPU
		{FFE1EFC3-00D9-4A67-B9FD-A920554CB0FC}.Debug|Any CPU.ActiveCfg = Debug|Any CPU
		{FFE1EFC3-00D9-4A67-B9FD-A920554CB0FC}.Debug|Any CPU.Build.0 = Debug|Any CPU
		{FFE1EFC3-00D9-4A67-B9FD-A920554CB0FC}.Release|Any CPU.ActiveCfg = Release|Any CPU
		{FFE1EFC3-00D9-4A67-B9FD-A920554CB0FC}.Release|Any CPU.Build.0 = Release|Any CPU
		{3CA7E533-88D0-4542-9407-76388CF65FE1}.Debug|Any CPU.ActiveCfg = Debug|Any CPU
		{3CA7E533-88D0-4542-9407-76388CF65FE1}.Debug|Any CPU.Build.0 = Debug|Any CPU
		{3CA7E533-88D0-4542-9407-76388CF65FE1}.Release|Any CPU.ActiveCfg = Release|Any CPU
		{3CA7E533-88D0-4542-9407-76388CF65FE1}.Release|Any CPU.Build.0 = Release|Any CPU
	EndGlobalSection
	GlobalSection(SolutionProperties) = preSolution
		HideSolutionNode = FALSE
	EndGlobalSection
	GlobalSection(ExtensibilityGlobals) = postSolution
		SolutionGuid = {058A02B9-AFA1-4937-AC94-4B56E97C7323}
	EndGlobalSection
EndGlobal
